
Microsoft Visual Studio Solution File, Format Version 12.00
# Visual Studio 14
VisualStudioVersion = 14.0.24720.0
MinimumVisualStudioVersion = 10.0.40219.1
Project("{8BC9CEB8-8B4A-11D0-8D11-00A0C91BC942}") = "1008", "1008\1008.vcxproj", "{F48F7F94-03D9-47D2-8CDB-58DD8F49B0C6}"
EndProject
Project("{8BC9CEB8-8B4A-11D0-8D11-00A0C91BC942}") = "1338", "1338\1338.vcxproj", "{4DE9DEC0-BCC5-4A7A-9152-33AABB0130B6}"
EndProject
Project("{8BC9CEB8-8B4A-11D0-8D11-00A0C91BC942}") = "1924", "1924\1924.vcxproj", "{FD81B219-9508-402B-9C8F-4443DCA902E3}"
EndProject
Project("{8BC9CEB8-8B4A-11D0-8D11-00A0C91BC942}") = "10817", "10817\10817.vcxproj", "{EA6A0F9C-3192-4902-A8F8-A0D230BC0B1C}"
EndProject
Project("{8BC9CEB8-8B4A-11D0-8D11-00A0C91BC942}") = "10871", "10871\10871.vcxproj", "{876D4C6F-A503-4782-91E1-6E0A3EAEDCD6}"
EndProject
Project("{8BC9CEB8-8B4A-11D0-8D11-00A0C91BC942}") = "11365", "11365\11365.vcxproj", "{574CB2A2-0B9F-4F9E-8D03-2F849126F270}"
EndProject
Project("{8BC9CEB8-8B4A-11D0-8D11-00A0C91BC942}") = "9498", "9498\9498.vcxproj", "{DBE60D21-B2B4-4021-9413-5B1CB96B1D8F}"
EndProject
Global
	GlobalSection(SolutionConfigurationPlatforms) = preSolution
		Debug|x64 = Debug|x64
		Debug|x86 = Debug|x86
		Release|x64 = Release|x64
		Release|x86 = Release|x86
	EndGlobalSection
	GlobalSection(ProjectConfigurationPlatforms) = postSolution
		{F48F7F94-03D9-47D2-8CDB-58DD8F49B0C6}.Debug|x64.ActiveCfg = Debug|x64
		{F48F7F94-03D9-47D2-8CDB-58DD8F49B0C6}.Debug|x64.Build.0 = Debug|x64
		{F48F7F94-03D9-47D2-8CDB-58DD8F49B0C6}.Debug|x86.ActiveCfg = Debug|Win32
		{F48F7F94-03D9-47D2-8CDB-58DD8F49B0C6}.Debug|x86.Build.0 = Debug|Win32
		{F48F7F94-03D9-47D2-8CDB-58DD8F49B0C6}.Release|x64.ActiveCfg = Release|x64
		{F48F7F94-03D9-47D2-8CDB-58DD8F49B0C6}.Release|x64.Build.0 = Release|x64
		{F48F7F94-03D9-47D2-8CDB-58DD8F49B0C6}.Release|x86.ActiveCfg = Release|Win32
		{F48F7F94-03D9-47D2-8CDB-58DD8F49B0C6}.Release|x86.Build.0 = Release|Win32
		{4DE9DEC0-BCC5-4A7A-9152-33AABB0130B6}.Debug|x64.ActiveCfg = Debug|x64
		{4DE9DEC0-BCC5-4A7A-9152-33AABB0130B6}.Debug|x64.Build.0 = Debug|x64
		{4DE9DEC0-BCC5-4A7A-9152-33AABB0130B6}.Debug|x86.ActiveCfg = Debug|Win32
		{4DE9DEC0-BCC5-4A7A-9152-33AABB0130B6}.Debug|x86.Build.0 = Debug|Win32
		{4DE9DEC0-BCC5-4A7A-9152-33AABB0130B6}.Release|x64.ActiveCfg = Release|x64
		{4DE9DEC0-BCC5-4A7A-9152-33AABB0130B6}.Release|x64.Build.0 = Release|x64
		{4DE9DEC0-BCC5-4A7A-9152-33AABB0130B6}.Release|x86.ActiveCfg = Release|Win32
		{4DE9DEC0-BCC5-4A7A-9152-33AABB0130B6}.Release|x86.Build.0 = Release|Win32
		{FD81B219-9508-402B-9C8F-4443DCA902E3}.Debug|x64.ActiveCfg = Debug|x64
		{FD81B219-9508-402B-9C8F-4443DCA902E3}.Debug|x64.Build.0 = Debug|x64
		{FD81B219-9508-402B-9C8F-4443DCA902E3}.Debug|x86.ActiveCfg = Debug|Win32
		{FD81B219-9508-402B-9C8F-4443DCA902E3}.Debug|x86.Build.0 = Debug|Win32
		{FD81B219-9508-402B-9C8F-4443DCA902E3}.Release|x64.ActiveCfg = Release|x64
		{FD81B219-9508-402B-9C8F-4443DCA902E3}.Release|x64.Build.0 = Release|x64
		{FD81B219-9508-402B-9C8F-4443DCA902E3}.Release|x86.ActiveCfg = Release|Win32
		{FD81B219-9508-402B-9C8F-4443DCA902E3}.Release|x86.Build.0 = Release|Win32
		{EA6A0F9C-3192-4902-A8F8-A0D230BC0B1C}.Debug|x64.ActiveCfg = Debug|x64
		{EA6A0F9C-3192-4902-A8F8-A0D230BC0B1C}.Debug|x64.Build.0 = Debug|x64
		{EA6A0F9C-3192-4902-A8F8-A0D230BC0B1C}.Debug|x86.ActiveCfg = Debug|Win32
		{EA6A0F9C-3192-4902-A8F8-A0D230BC0B1C}.Debug|x86.Build.0 = Debug|Win32
		{EA6A0F9C-3192-4902-A8F8-A0D230BC0B1C}.Release|x64.ActiveCfg = Release|x64
		{EA6A0F9C-3192-4902-A8F8-A0D230BC0B1C}.Release|x64.Build.0 = Release|x64
		{EA6A0F9C-3192-4902-A8F8-A0D230BC0B1C}.Release|x86.ActiveCfg = Release|Win32
		{EA6A0F9C-3192-4902-A8F8-A0D230BC0B1C}.Release|x86.Build.0 = Release|Win32
		{876D4C6F-A503-4782-91E1-6E0A3EAEDCD6}.Debug|x64.ActiveCfg = Debug|x64
		{876D4C6F-A503-4782-91E1-6E0A3EAEDCD6}.Debug|x64.Build.0 = Debug|x64
		{876D4C6F-A503-4782-91E1-6E0A3EAEDCD6}.Debug|x86.ActiveCfg = Debug|Win32
		{876D4C6F-A503-4782-91E1-6E0A3EAEDCD6}.Debug|x86.Build.0 = Debug|Win32
		{876D4C6F-A503-4782-91E1-6E0A3EAEDCD6}.Release|x64.ActiveCfg = Release|x64
		{876D4C6F-A503-4782-91E1-6E0A3EAEDCD6}.Release|x64.Build.0 = Release|x64
		{876D4C6F-A503-4782-91E1-6E0A3EAEDCD6}.Release|x86.ActiveCfg = Release|Win32
		{876D4C6F-A503-4782-91E1-6E0A3EAEDCD6}.Release|x86.Build.0 = Release|Win32
		{574CB2A2-0B9F-4F9E-8D03-2F849126F270}.Debug|x64.ActiveCfg = Debug|x64
		{574CB2A2-0B9F-4F9E-8D03-2F849126F270}.Debug|x64.Build.0 = Debug|x64
		{574CB2A2-0B9F-4F9E-8D03-2F849126F270}.Debug|x86.ActiveCfg = Debug|Win32
		{574CB2A2-0B9F-4F9E-8D03-2F849126F270}.Debug|x86.Build.0 = Debug|Win32
		{574CB2A2-0B9F-4F9E-8D03-2F849126F270}.Release|x64.ActiveCfg = Release|x64
		{574CB2A2-0B9F-4F9E-8D03-2F849126F270}.Release|x64.Build.0 = Release|x64
		{574CB2A2-0B9F-4F9E-8D03-2F849126F270}.Release|x86.ActiveCfg = Release|Win32
		{574CB2A2-0B9F-4F9E-8D03-2F849126F270}.Release|x86.Build.0 = Release|Win32
		{DBE60D21-B2B4-4021-9413-5B1CB96B1D8F}.Debug|x64.ActiveCfg = Debug|x64
		{DBE60D21-B2B4-4021-9413-5B1CB96B1D8F}.Debug|x64.Build.0 = Debug|x64
		{DBE60D21-B2B4-4021-9413-5B1CB96B1D8F}.Debug|x86.ActiveCfg = Debug|Win32
		{DBE60D21-B2B4-4021-9413-5B1CB96B1D8F}.Debug|x86.Build.0 = Debug|Win32
		{DBE60D21-B2B4-4021-9413-5B1CB96B1D8F}.Release|x64.ActiveCfg = Release|x64
		{DBE60D21-B2B4-4021-9413-5B1CB96B1D8F}.Release|x64.Build.0 = Release|x64
		{DBE60D21-B2B4-4021-9413-5B1CB96B1D8F}.Release|x86.ActiveCfg = Release|Win32
		{DBE60D21-B2B4-4021-9413-5B1CB96B1D8F}.Release|x86.Build.0 = Release|Win32
	EndGlobalSection
	GlobalSection(SolutionProperties) = preSolution
		HideSolutionNode = FALSE
	EndGlobalSection
EndGlobal
